// !$*UTF8*$!
{
	archiveVersion = 1;
	classes = {
	};
	objectVersion = 46;
	objects = {

/* Begin PBXBuildFile section */
		F04C868E1F68778000C54B16 /* AppDelegate.swift in Sources */ = {isa = PBXBuildFile; fileRef = F04C868D1F68778000C54B16 /* AppDelegate.swift */; };
		F04C86901F68778000C54B16 /* ViewController.swift in Sources */ = {isa = PBXBuildFile; fileRef = F04C868F1F68778000C54B16 /* ViewController.swift */; };
		F04C86931F68778000C54B16 /* Main.storyboard in Resources */ = {isa = PBXBuildFile; fileRef = F04C86911F68778000C54B16 /* Main.storyboard */; };
		F04C86951F68778000C54B16 /* Assets.xcassets in Resources */ = {isa = PBXBuildFile; fileRef = F04C86941F68778000C54B16 /* Assets.xcassets */; };
		F04C86981F68778000C54B16 /* LaunchScreen.storyboard in Resources */ = {isa = PBXBuildFile; fileRef = F04C86961F68778000C54B16 /* LaunchScreen.storyboard */; };
		F04C86A31F68778000C54B16 /* saim_swift_sdkTests.swift in Sources */ = {isa = PBXBuildFile; fileRef = F04C86A21F68778000C54B16 /* saim_swift_sdkTests.swift */; };
		F0A910211F699C3800F23BF4 /* README.md in Sources */ = {isa = PBXBuildFile; fileRef = F0A910201F699C3800F23BF4 /* README.md */; };
/* End PBXBuildFile section */

/* Begin PBXContainerItemProxy section */
		F04C869F1F68778000C54B16 /* PBXContainerItemProxy */ = {
			isa = PBXContainerItemProxy;
			containerPortal = F04C86821F68778000C54B16 /* Project object */;
			proxyType = 1;
			remoteGlobalIDString = F04C86891F68778000C54B16;
			remoteInfo = "saim-swift-sdk";
		};
/* End PBXContainerItemProxy section */

/* Begin PBXFileReference section */
		F04C868A1F68778000C54B16 /* saim-swift-sdk.app */ = {isa = PBXFileReference; explicitFileType = wrapper.application; includeInIndex = 0; path = "saim-swift-sdk.app"; sourceTree = BUILT_PRODUCTS_DIR; };
		F04C868D1F68778000C54B16 /* AppDelegate.swift */ = {isa = PBXFileReference; lastKnownFileType = sourcecode.swift; path = AppDelegate.swift; sourceTree = "<group>"; };
		F04C868F1F68778000C54B16 /* ViewController.swift */ = {isa = PBXFileReference; lastKnownFileType = sourcecode.swift; path = ViewController.swift; sourceTree = "<group>"; };
		F04C86921F68778000C54B16 /* Base */ = {isa = PBXFileReference; lastKnownFileType = file.storyboard; name = Base; path = Base.lproj/Main.storyboard; sourceTree = "<group>"; };
		F04C86941F68778000C54B16 /* Assets.xcassets */ = {isa = PBXFileReference; lastKnownFileType = folder.assetcatalog; path = Assets.xcassets; sourceTree = "<group>"; };
		F04C86971F68778000C54B16 /* Base */ = {isa = PBXFileReference; lastKnownFileType = file.storyboard; name = Base; path = Base.lproj/LaunchScreen.storyboard; sourceTree = "<group>"; };
		F04C86991F68778000C54B16 /* Info.plist */ = {isa = PBXFileReference; lastKnownFileType = text.plist.xml; path = Info.plist; sourceTree = "<group>"; };
		F04C869E1F68778000C54B16 /* saim-swift-sdkTests.xctest */ = {isa = PBXFileReference; explicitFileType = wrapper.cfbundle; includeInIndex = 0; path = "saim-swift-sdkTests.xctest"; sourceTree = BUILT_PRODUCTS_DIR; };
		F04C86A21F68778000C54B16 /* saim_swift_sdkTests.swift */ = {isa = PBXFileReference; lastKnownFileType = sourcecode.swift; path = saim_swift_sdkTests.swift; sourceTree = "<group>"; };
		F04C86A41F68778000C54B16 /* Info.plist */ = {isa = PBXFileReference; lastKnownFileType = text.plist.xml; path = Info.plist; sourceTree = "<group>"; };
		F0A910201F699C3800F23BF4 /* README.md */ = {isa = PBXFileReference; fileEncoding = 4; lastKnownFileType = net.daringfireball.markdown; path = README.md; sourceTree = "<group>"; };
/* End PBXFileReference section */

/* Begin PBXFrameworksBuildPhase section */
		F04C86871F68778000C54B16 /* Frameworks */ = {
			isa = PBXFrameworksBuildPhase;
			buildActionMask = 2147483647;
			files = (
			);
			runOnlyForDeploymentPostprocessing = 0;
		};
		F04C869B1F68778000C54B16 /* Frameworks */ = {
			isa = PBXFrameworksBuildPhase;
			buildActionMask = 2147483647;
			files = (
			);
			runOnlyForDeploymentPostprocessing = 0;
		};
/* End PBXFrameworksBuildPhase section */

/* Begin PBXGroup section */
		F04C86811F68778000C54B16 = {
			isa = PBXGroup;
			children = (
				F0A910201F699C3800F23BF4 /* README.md */,
				F04C868C1F68778000C54B16 /* saim-swift-sdk */,
				F04C86A11F68778000C54B16 /* saim-swift-sdkTests */,
				F04C868B1F68778000C54B16 /* Products */,
			);
			sourceTree = "<group>";
		};
		F04C868B1F68778000C54B16 /* Products */ = {
			isa = PBXGroup;
			children = (
				F04C868A1F68778000C54B16 /* saim-swift-sdk.app */,
				F04C869E1F68778000C54B16 /* saim-swift-sdkTests.xctest */,
			);
			name = Products;
			sourceTree = "<group>";
		};
		F04C868C1F68778000C54B16 /* saim-swift-sdk */ = {
			isa = PBXGroup;
			children = (
				F04C868D1F68778000C54B16 /* AppDelegate.swift */,
				F04C868F1F68778000C54B16 /* ViewController.swift */,
				F04C86911F68778000C54B16 /* Main.storyboard */,
				F04C86941F68778000C54B16 /* Assets.xcassets */,
				F04C86961F68778000C54B16 /* LaunchScreen.storyboard */,
				F04C86991F68778000C54B16 /* Info.plist */,
			);
			path = "saim-swift-sdk";
			sourceTree = "<group>";
		};
		F04C86A11F68778000C54B16 /* saim-swift-sdkTests */ = {
			isa = PBXGroup;
			children = (
				F04C86A21F68778000C54B16 /* saim_swift_sdkTests.swift */,
				F04C86A41F68778000C54B16 /* Info.plist */,
			);
			path = "saim-swift-sdkTests";
			sourceTree = "<group>";
		};
/* End PBXGroup section */

/* Begin PBXNativeTarget section */
		F04C86891F68778000C54B16 /* saim-swift-sdk */ = {
			isa = PBXNativeTarget;
			buildConfigurationList = F04C86A71F68778000C54B16 /* Build configuration list for PBXNativeTarget "saim-swift-sdk" */;
			buildPhases = (
				F04C86861F68778000C54B16 /* Sources */,
				F04C86871F68778000C54B16 /* Frameworks */,
				F04C86881F68778000C54B16 /* Resources */,
			);
			buildRules = (
			);
			dependencies = (
			);
			name = "saim-swift-sdk";
			productName = "saim-swift-sdk";
			productReference = F04C868A1F68778000C54B16 /* saim-swift-sdk.app */;
			productType = "com.apple.product-type.application";
		};
		F04C869D1F68778000C54B16 /* saim-swift-sdkTests */ = {
			isa = PBXNativeTarget;
			buildConfigurationList = F04C86AA1F68778000C54B16 /* Build configuration list for PBXNativeTarget "saim-swift-sdkTests" */;
			buildPhases = (
				F04C869A1F68778000C54B16 /* Sources */,
				F04C869B1F68778000C54B16 /* Frameworks */,
				F04C869C1F68778000C54B16 /* Resources */,
			);
			buildRules = (
			);
			dependencies = (
				F04C86A01F68778000C54B16 /* PBXTargetDependency */,
			);
			name = "saim-swift-sdkTests";
			productName = "saim-swift-sdkTests";
			productReference = F04C869E1F68778000C54B16 /* saim-swift-sdkTests.xctest */;
			productType = "com.apple.product-type.bundle.unit-test";
		};
/* End PBXNativeTarget section */

/* Begin PBXProject section */
		F04C86821F68778000C54B16 /* Project object */ = {
			isa = PBXProject;
			attributes = {
				LastSwiftUpdateCheck = 0830;
				LastUpgradeCheck = 0830;
				ORGANIZATIONNAME = "POC Team";
				TargetAttributes = {
					F04C86891F68778000C54B16 = {
						CreatedOnToolsVersion = 8.3.3;
						ProvisioningStyle = Automatic;
					};
					F04C869D1F68778000C54B16 = {
						CreatedOnToolsVersion = 8.3.3;
						ProvisioningStyle = Automatic;
						TestTargetID = F04C86891F68778000C54B16;
					};
				};
			};
			buildConfigurationList = F04C86851F68778000C54B16 /* Build configuration list for PBXProject "saim-swift-sdk" */;
			compatibilityVersion = "Xcode 3.2";
			developmentRegion = English;
			hasScannedForEncodings = 0;
			knownRegions = (
				en,
				Base,
			);
			mainGroup = F04C86811F68778000C54B16;
			productRefGroup = F04C868B1F68778000C54B16 /* Products */;
			projectDirPath = "";
			projectRoot = "";
			targets = (
				F04C86891F68778000C54B16 /* saim-swift-sdk */,
				F04C869D1F68778000C54B16 /* saim-swift-sdkTests */,
			);
		};
/* End PBXProject section */

/* Begin PBXResourcesBuildPhase section */
		F04C86881F68778000C54B16 /* Resources */ = {
			isa = PBXResourcesBuildPhase;
			buildActionMask = 2147483647;
			files = (
				F04C86981F68778000C54B16 /* LaunchScreen.storyboard in Resources */,
				F04C86951F68778000C54B16 /* Assets.xcassets in Resources */,
				F04C86931F68778000C54B16 /* Main.storyboard in Resources */,
			);
			runOnlyForDeploymentPostprocessing = 0;
		};
		F04C869C1F68778000C54B16 /* Resources */ = {
			isa = PBXResourcesBuildPhase;
			buildActionMask = 2147483647;
			files = (
			);
			runOnlyForDeploymentPostprocessing = 0;
		};
/* End PBXResourcesBuildPhase section */

/* Begin PBXSourcesBuildPhase section */
		F04C86861F68778000C54B16 /* Sources */ = {
			isa = PBXSourcesBuildPhase;
			buildActionMask = 2147483647;
			files = (
				F0A910211F699C3800F23BF4 /* README.md in Sources */,
				F04C86901F68778000C54B16 /* ViewController.swift in Sources */,
				F04C868E1F68778000C54B16 /* AppDelegate.swift in Sources */,
			);
			runOnlyForDeploymentPostprocessing = 0;
		};
		F04C869A1F68778000C54B16 /* Sources */ = {
			isa = PBXSourcesBuildPhase;
			buildActionMask = 2147483647;
			files = (
				F04C86A31F68778000C54B16 /* saim_swift_sdkTests.swift in Sources */,
			);
			runOnlyForDeploymentPostprocessing = 0;
		};
/* End PBXSourcesBuildPhase section */

/* Begin PBXTargetDependency section */
		F04C86A01F68778000C54B16 /* PBXTargetDependency */ = {
			isa = PBXTargetDependency;
			target = F04C86891F68778000C54B16 /* saim-swift-sdk */;
			targetProxy = F04C869F1F68778000C54B16 /* PBXContainerItemProxy */;
		};
/* End PBXTargetDependency section */

/* Begin PBXVariantGroup section */
		F04C86911F68778000C54B16 /* Main.storyboard */ = {
			isa = PBXVariantGroup;
			children = (
				F04C86921F68778000C54B16 /* Base */,
			);
			name = Main.storyboard;
			sourceTree = "<group>";
		};
		F04C86961F68778000C54B16 /* LaunchScreen.storyboard */ = {
			isa = PBXVariantGroup;
			children = (
				F04C86971F68778000C54B16 /* Base */,
			);
			name = LaunchScreen.storyboard;
			sourceTree = "<group>";
		};
/* End PBXVariantGroup section */

/* Begin XCBuildConfiguration section */
		F04C86A51F68778000C54B16 /* Debug */ = {
			isa = XCBuildConfiguration;
			buildSettings = {
				ALWAYS_SEARCH_USER_PATHS = NO;
				CLANG_ANALYZER_NONNULL = YES;
				CLANG_ANALYZER_NUMBER_OBJECT_CONVERSION = YES_AGGRESSIVE;
				CLANG_CXX_LANGUAGE_STANDARD = "gnu++0x";
				CLANG_CXX_LIBRARY = "libc++";
				CLANG_ENABLE_MODULES = YES;
				CLANG_ENABLE_OBJC_ARC = YES;
				CLANG_WARN_BOOL_CONVERSION = YES;
				CLANG_WARN_CONSTANT_CONVERSION = YES;
				CLANG_WARN_DIRECT_OBJC_ISA_USAGE = YES_ERROR;
				CLANG_WARN_DOCUMENTATION_COMMENTS = YES;
				CLANG_WARN_EMPTY_BODY = YES;
				CLANG_WARN_ENUM_CONVERSION = YES;
				CLANG_WARN_INFINITE_RECURSION = YES;
				CLANG_WARN_INT_CONVERSION = YES;
				CLANG_WARN_OBJC_ROOT_CLASS = YES_ERROR;
				CLANG_WARN_SUSPICIOUS_MOVE = YES;
				CLANG_WARN_UNREACHABLE_CODE = YES;
				CLANG_WARN__DUPLICATE_METHOD_MATCH = YES;
				"CODE_SIGN_IDENTITY[sdk=iphoneos*]" = "iPhone Developer";
				COPY_PHASE_STRIP = NO;
				DEBUG_INFORMATION_FORMAT = dwarf;
				ENABLE_STRICT_OBJC_MSGSEND = YES;
				ENABLE_TESTABILITY = YES;
				GCC_C_LANGUAGE_STANDARD = gnu99;
				GCC_DYNAMIC_NO_PIC = NO;
				GCC_NO_COMMON_BLOCKS = YES;
				GCC_OPTIMIZATION_LEVEL = 0;
				GCC_PREPROCESSOR_DEFINITIONS = (
					"DEBUG=1",
					"$(inherited)",
				);
				GCC_WARN_64_TO_32_BIT_CONVERSION = YES;
				GCC_WARN_ABOUT_RETURN_TYPE = YES_ERROR;
				GCC_WARN_UNDECLARED_SELECTOR = YES;
				GCC_WARN_UNINITIALIZED_AUTOS = YES_AGGRESSIVE;
				GCC_WARN_UNUSED_FUNCTION = YES;
				GCC_WARN_UNUSED_VARIABLE = YES;
				IPHONEOS_DEPLOYMENT_TARGET = 10.3;
				MTL_ENABLE_DEBUG_INFO = YES;
				ONLY_ACTIVE_ARCH = YES;
				SDKROOT = iphoneos;
				SWIFT_ACTIVE_COMPILATION_CONDITIONS = DEBUG;
				SWIFT_OPTIMIZATION_LEVEL = "-Onone";
				TARGETED_DEVICE_FAMILY = "1,2";
			};
			name = Debug;
		};
		F04C86A61F68778000C54B16 /* Release */ = {
			isa = XCBuildConfiguration;
			buildSettings = {
				ALWAYS_SEARCH_USER_PATHS = NO;
				CLANG_ANALYZER_NONNULL = YES;
				CLANG_ANALYZER_NUMBER_OBJECT_CONVERSION = YES_AGGRESSIVE;
				CLANG_CXX_LANGUAGE_STANDARD = "gnu++0x";
				CLANG_CXX_LIBRARY = "libc++";
				CLANG_ENABLE_MODULES = YES;
				CLANG_ENABLE_OBJC_ARC = YES;
				CLANG_WARN_BOOL_CONVERSION = YES;
				CLANG_WARN_CONSTANT_CONVERSION = YES;
				CLANG_WARN_DIRECT_OBJC_ISA_USAGE = YES_ERROR;
				CLANG_WARN_DOCUMENTATION_COMMENTS = YES;
				CLANG_WARN_EMPTY_BODY = YES;
				CLANG_WARN_ENUM_CONVERSION = YES;
				CLANG_WARN_INFINITE_RECURSION = YES;
				CLANG_WARN_INT_CONVERSION = YES;
				CLANG_WARN_OBJC_ROOT_CLASS = YES_ERROR;
				CLANG_WARN_SUSPICIOUS_MOVE = YES;
				CLANG_WARN_UNREACHABLE_CODE = YES;
				CLANG_WARN__DUPLICATE_METHOD_MATCH = YES;
				"CODE_SIGN_IDENTITY[sdk=iphoneos*]" = "iPhone Developer";
				COPY_PHASE_STRIP = NO;
				DEBUG_INFORMATION_FORMAT = "dwarf-with-dsym";
				ENABLE_NS_ASSERTIONS = NO;
				ENABLE_STRICT_OBJC_MSGSEND = YES;
				GCC_C_LANGUAGE_STANDARD = gnu99;
				GCC_NO_COMMON_BLOCKS = YES;
				GCC_WARN_64_TO_32_BIT_CONVERSION = YES;
				GCC_WARN_ABOUT_RETURN_TYPE = YES_ERROR;
				GCC_WARN_UNDECLARED_SELECTOR = YES;
				GCC_WARN_UNINITIALIZED_AUTOS = YES_AGGRESSIVE;
				GCC_WARN_UNUSED_FUNCTION = YES;
				GCC_WARN_UNUSED_VARIABLE = YES;
				IPHONEOS_DEPLOYMENT_TARGET = 10.3;
				MTL_ENABLE_DEBUG_INFO = NO;
				SDKROOT = iphoneos;
				SWIFT_OPTIMIZATION_LEVEL = "-Owholemodule";
				TARGETED_DEVICE_FAMILY = "1,2";
				VALIDATE_PRODUCT = YES;
			};
			name = Release;
		};
		F04C86A81F68778000C54B16 /* Debug */ = {
			isa = XCBuildConfiguration;
			buildSettings = {
				ASSETCATALOG_COMPILER_APPICON_NAME = AppIcon;
				INFOPLIST_FILE = "saim-swift-sdk/Info.plist";
				LD_RUNPATH_SEARCH_PATHS = "$(inherited) @executable_path/Frameworks";
				PRODUCT_BUNDLE_IDENTIFIER = "com.shop.saim-swift-sdk";
				PRODUCT_NAME = "$(TARGET_NAME)";
				SWIFT_VERSION = 3.0;
			};
			name = Debug;
		};
		F04C86A91F68778000C54B16 /* Release */ = {
			isa = XCBuildConfiguration;
			buildSettings = {
				ASSETCATALOG_COMPILER_APPICON_NAME = AppIcon;
				INFOPLIST_FILE = "saim-swift-sdk/Info.plist";
				LD_RUNPATH_SEARCH_PATHS = "$(inherited) @executable_path/Frameworks";
				PRODUCT_BUNDLE_IDENTIFIER = "com.shop.saim-swift-sdk";
				PRODUCT_NAME = "$(TARGET_NAME)";
				SWIFT_VERSION = 3.0;
			};
			name = Release;
		};
		F04C86AB1F68778000C54B16 /* Debug */ = {
			isa = XCBuildConfiguration;
			buildSettings = {
				ALWAYS_EMBED_SWIFT_STANDARD_LIBRARIES = YES;
				BUNDLE_LOADER = "$(TEST_HOST)";
				INFOPLIST_FILE = "saim-swift-sdkTests/Info.plist";
				LD_RUNPATH_SEARCH_PATHS = "$(inherited) @executable_path/Frameworks @loader_path/Frameworks";
				PRODUCT_BUNDLE_IDENTIFIER = "com.shop.saim-swift-sdkTests";
				PRODUCT_NAME = "$(TARGET_NAME)";
				SWIFT_VERSION = 3.0;
				TEST_HOST = "$(BUILT_PRODUCTS_DIR)/saim-swift-sdk.app/saim-swift-sdk";
			};
			name = Debug;
		};
		F04C86AC1F68778000C54B16 /* Release */ = {
			isa = XCBuildConfiguration;
			buildSettings = {
				ALWAYS_EMBED_SWIFT_STANDARD_LIBRARIES = YES;
				BUNDLE_LOADER = "$(TEST_HOST)";
				INFOPLIST_FILE = "saim-swift-sdkTests/Info.plist";
				LD_RUNPATH_SEARCH_PATHS = "$(inherited) @executable_path/Frameworks @loader_path/Frameworks";
				PRODUCT_BUNDLE_IDENTIFIER = "com.shop.saim-swift-sdkTests";
				PRODUCT_NAME = "$(TARGET_NAME)";
				SWIFT_VERSION = 3.0;
				TEST_HOST = "$(BUILT_PRODUCTS_DIR)/saim-swift-sdk.app/saim-swift-sdk";
			};
			name = Release;
		};
/* End XCBuildConfiguration section */

/* Begin XCConfigurationList section */
		F04C86851F68778000C54B16 /* Build configuration list for PBXProject "saim-swift-sdk" */ = {
			isa = XCConfigurationList;
			buildConfigurations = (
				F04C86A51F68778000C54B16 /* Debug */,
				F04C86A61F68778000C54B16 /* Release */,
			);
			defaultConfigurationIsVisible = 0;
			defaultConfigurationName = Release;
		};
		F04C86A71F68778000C54B16 /* Build configuration list for PBXNativeTarget "saim-swift-sdk" */ = {
			isa = XCConfigurationList;
			buildConfigurations = (
				F04C86A81F68778000C54B16 /* Debug */,
				F04C86A91F68778000C54B16 /* Release */,
			);
			defaultConfigurationIsVisible = 0;
			defaultConfigurationName = Release;
		};
		F04C86AA1F68778000C54B16 /* Build configuration list for PBXNativeTarget "saim-swift-sdkTests" */ = {
			isa = XCConfigurationList;
			buildConfigurations = (
				F04C86AB1F68778000C54B16 /* Debug */,
				F04C86AC1F68778000C54B16 /* Release */,
			);
			defaultConfigurationIsVisible = 0;
			defaultConfigurationName = Release;
		};
/* End XCConfigurationList section */
	};
	rootObject = F04C86821F68778000C54B16 /* Project object */;
}
